// !$*UTF8*$!
{
	archiveVersion = 1;
	classes = {
	};
	objectVersion = 46;
	objects = {

/* Begin PBXBuildFile section */
		03CBAEA11D84007B0061C987 /* AppDelegate.m in Sources */ = {isa = PBXBuildFile; fileRef = 03CBAEA01D84007B0061C987 /* AppDelegate.m */; };
		03CBAEA41D84007B0061C987 /* main.m in Sources */ = {isa = PBXBuildFile; fileRef = 03CBAEA31D84007B0061C987 /* main.m */; };
		03CBAEA61D84007B0061C987 /* Assets.xcassets in Resources */ = {isa = PBXBuildFile; fileRef = 03CBAEA51D84007B0061C987 /* Assets.xcassets */; };
		03CBAEA91D84007B0061C987 /* MainMenu.xib in Resources */ = {isa = PBXBuildFile; fileRef = 03CBAEA71D84007B0061C987 /* MainMenu.xib */; };
		03CBAECC1D840BDB0061C987 /* DDHidAppleMikey.m in Sources */ = {isa = PBXBuildFile; fileRef = 03CBAEB21D840BDB0061C987 /* DDHidAppleMikey.m */; settings = {COMPILER_FLAGS = "-fno-objc-arc"; }; };
		03CBAECD1D840BDB0061C987 /* DDHidAppleRemote.m in Sources */ = {isa = PBXBuildFile; fileRef = 03CBAEB41D840BDB0061C987 /* DDHidAppleRemote.m */; settings = {COMPILER_FLAGS = "-fno-objc-arc"; }; };
		03CBAECE1D840BDB0061C987 /* DDHidDevice.m in Sources */ = {isa = PBXBuildFile; fileRef = 03CBAEB61D840BDB0061C987 /* DDHidDevice.m */; settings = {COMPILER_FLAGS = "-fno-objc-arc"; }; };
		03CBAECF1D840BDB0061C987 /* DDHidElement.m in Sources */ = {isa = PBXBuildFile; fileRef = 03CBAEB81D840BDB0061C987 /* DDHidElement.m */; settings = {COMPILER_FLAGS = "-fno-objc-arc"; }; };
		03CBAED01D840BDB0061C987 /* DDHidEvent.m in Sources */ = {isa = PBXBuildFile; fileRef = 03CBAEBA1D840BDB0061C987 /* DDHidEvent.m */; settings = {COMPILER_FLAGS = "-fno-objc-arc"; }; };
		03CBAED11D840BDB0061C987 /* DDHidJoystick.m in Sources */ = {isa = PBXBuildFile; fileRef = 03CBAEBC1D840BDB0061C987 /* DDHidJoystick.m */; settings = {COMPILER_FLAGS = "-fno-objc-arc"; }; };
		03CBAED21D840BDB0061C987 /* DDHidKeyboard.m in Sources */ = {isa = PBXBuildFile; fileRef = 03CBAEBE1D840BDB0061C987 /* DDHidKeyboard.m */; settings = {COMPILER_FLAGS = "-fno-objc-arc"; }; };
		03CBAED31D840BDB0061C987 /* DDHidKeyboardBarcodeScanner.m in Sources */ = {isa = PBXBuildFile; fileRef = 03CBAEC01D840BDB0061C987 /* DDHidKeyboardBarcodeScanner.m */; settings = {COMPILER_FLAGS = "-fno-objc-arc"; }; };
		03CBAED41D840BDB0061C987 /* DDHidMouse.m in Sources */ = {isa = PBXBuildFile; fileRef = 03CBAEC31D840BDB0061C987 /* DDHidMouse.m */; settings = {COMPILER_FLAGS = "-fno-objc-arc"; }; };
		03CBAED51D840BDB0061C987 /* DDHidQueue.m in Sources */ = {isa = PBXBuildFile; fileRef = 03CBAEC51D840BDB0061C987 /* DDHidQueue.m */; settings = {COMPILER_FLAGS = "-fno-objc-arc"; }; };
		03CBAED61D840BDB0061C987 /* DDHidUsage.m in Sources */ = {isa = PBXBuildFile; fileRef = 03CBAEC71D840BDB0061C987 /* DDHidUsage.m */; settings = {COMPILER_FLAGS = "-fno-objc-arc"; }; };
		03CBAED71D840BDB0061C987 /* DDHidUsageTables.m in Sources */ = {isa = PBXBuildFile; fileRef = 03CBAEC91D840BDB0061C987 /* DDHidUsageTables.m */; settings = {COMPILER_FLAGS = "-fno-objc-arc"; }; };
		03CBAED81D840BDB0061C987 /* NSDictionary+DDHidExtras.m in Sources */ = {isa = PBXBuildFile; fileRef = 03CBAECB1D840BDB0061C987 /* NSDictionary+DDHidExtras.m */; settings = {COMPILER_FLAGS = "-fno-objc-arc"; }; };
		03CBAEDB1D840C3D0061C987 /* MediaKey.m in Sources */ = {isa = PBXBuildFile; fileRef = 03CBAED91D840C3D0061C987 /* MediaKey.m */; };
		03CBAEF21D840F8C0061C987 /* NSXReturnThrowError.m in Sources */ = {isa = PBXBuildFile; fileRef = 03CBAEF01D840F8C0061C987 /* NSXReturnThrowError.m */; settings = {COMPILER_FLAGS = "-fno-objc-arc"; }; };
/* End PBXBuildFile section */

/* Begin PBXFileReference section */
		03CBAE9C1D84007B0061C987 /* mac_ear_control.app */ = {isa = PBXFileReference; explicitFileType = wrapper.application; includeInIndex = 0; path = mac_ear_control.app; sourceTree = BUILT_PRODUCTS_DIR; };
		03CBAE9F1D84007B0061C987 /* AppDelegate.h */ = {isa = PBXFileReference; lastKnownFileType = sourcecode.c.h; path = AppDelegate.h; sourceTree = "<group>"; };
		03CBAEA01D84007B0061C987 /* AppDelegate.m */ = {isa = PBXFileReference; lastKnownFileType = sourcecode.c.objc; path = AppDelegate.m; sourceTree = "<group>"; };
		03CBAEA31D84007B0061C987 /* main.m */ = {isa = PBXFileReference; lastKnownFileType = sourcecode.c.objc; path = main.m; sourceTree = "<group>"; };
		03CBAEA51D84007B0061C987 /* Assets.xcassets */ = {isa = PBXFileReference; lastKnownFileType = folder.assetcatalog; path = Assets.xcassets; sourceTree = "<group>"; };
		03CBAEA81D84007B0061C987 /* Base */ = {isa = PBXFileReference; lastKnownFileType = file.xib; name = Base; path = Base.lproj/MainMenu.xib; sourceTree = "<group>"; };
		03CBAEAA1D84007B0061C987 /* Info.plist */ = {isa = PBXFileReference; lastKnownFileType = text.plist.xml; path = Info.plist; sourceTree = "<group>"; };
		03CBAEB11D840BDB0061C987 /* DDHidAppleMikey.h */ = {isa = PBXFileReference; fileEncoding = 4; lastKnownFileType = sourcecode.c.h; name = DDHidAppleMikey.h; path = DDHidLib/DDHidAppleMikey.h; sourceTree = "<group>"; };
		03CBAEB21D840BDB0061C987 /* DDHidAppleMikey.m */ = {isa = PBXFileReference; fileEncoding = 4; lastKnownFileType = sourcecode.c.objc; name = DDHidAppleMikey.m; path = DDHidLib/DDHidAppleMikey.m; sourceTree = "<group>"; };
		03CBAEB31D840BDB0061C987 /* DDHidAppleRemote.h */ = {isa = PBXFileReference; fileEncoding = 4; lastKnownFileType = sourcecode.c.h; name = DDHidAppleRemote.h; path = DDHidLib/DDHidAppleRemote.h; sourceTree = "<group>"; };
		03CBAEB41D840BDB0061C987 /* DDHidAppleRemote.m */ = {isa = PBXFileReference; fileEncoding = 4; lastKnownFileType = sourcecode.c.objc; name = DDHidAppleRemote.m; path = DDHidLib/DDHidAppleRemote.m; sourceTree = "<group>"; };
		03CBAEB51D840BDB0061C987 /* DDHidDevice.h */ = {isa = PBXFileReference; fileEncoding = 4; lastKnownFileType = sourcecode.c.h; name = DDHidDevice.h; path = DDHidLib/DDHidDevice.h; sourceTree = "<group>"; };
		03CBAEB61D840BDB0061C987 /* DDHidDevice.m */ = {isa = PBXFileReference; fileEncoding = 4; lastKnownFileType = sourcecode.c.objc; name = DDHidDevice.m; path = DDHidLib/DDHidDevice.m; sourceTree = "<group>"; };
		03CBAEB71D840BDB0061C987 /* DDHidElement.h */ = {isa = PBXFileReference; fileEncoding = 4; lastKnownFileType = sourcecode.c.h; name = DDHidElement.h; path = DDHidLib/DDHidElement.h; sourceTree = "<group>"; };
		03CBAEB81D840BDB0061C987 /* DDHidElement.m */ = {isa = PBXFileReference; fileEncoding = 4; lastKnownFileType = sourcecode.c.objc; name = DDHidElement.m; path = DDHidLib/DDHidElement.m; sourceTree = "<group>"; };
		03CBAEB91D840BDB0061C987 /* DDHidEvent.h */ = {isa = PBXFileReference; fileEncoding = 4; lastKnownFileType = sourcecode.c.h; name = DDHidEvent.h; path = DDHidLib/DDHidEvent.h; sourceTree = "<group>"; };
		03CBAEBA1D840BDB0061C987 /* DDHidEvent.m */ = {isa = PBXFileReference; fileEncoding = 4; lastKnownFileType = sourcecode.c.objc; name = DDHidEvent.m; path = DDHidLib/DDHidEvent.m; sourceTree = "<group>"; };
		03CBAEBB1D840BDB0061C987 /* DDHidJoystick.h */ = {isa = PBXFileReference; fileEncoding = 4; lastKnownFileType = sourcecode.c.h; name = DDHidJoystick.h; path = DDHidLib/DDHidJoystick.h; sourceTree = "<group>"; };
		03CBAEBC1D840BDB0061C987 /* DDHidJoystick.m */ = {isa = PBXFileReference; fileEncoding = 4; lastKnownFileType = sourcecode.c.objc; name = DDHidJoystick.m; path = DDHidLib/DDHidJoystick.m; sourceTree = "<group>"; };
		03CBAEBD1D840BDB0061C987 /* DDHidKeyboard.h */ = {isa = PBXFileReference; fileEncoding = 4; lastKnownFileType = sourcecode.c.h; name = DDHidKeyboard.h; path = DDHidLib/DDHidKeyboard.h; sourceTree = "<group>"; };
		03CBAEBE1D840BDB0061C987 /* DDHidKeyboard.m */ = {isa = PBXFileReference; fileEncoding = 4; lastKnownFileType = sourcecode.c.objc; name = DDHidKeyboard.m; path = DDHidLib/DDHidKeyboard.m; sourceTree = "<group>"; };
		03CBAEBF1D840BDB0061C987 /* DDHidKeyboardBarcodeScanner.h */ = {isa = PBXFileReference; fileEncoding = 4; lastKnownFileType = sourcecode.c.h; name = DDHidKeyboardBarcodeScanner.h; path = DDHidLib/DDHidKeyboardBarcodeScanner.h; sourceTree = "<group>"; };
		03CBAEC01D840BDB0061C987 /* DDHidKeyboardBarcodeScanner.m */ = {isa = PBXFileReference; fileEncoding = 4; lastKnownFileType = sourcecode.c.objc; name = DDHidKeyboardBarcodeScanner.m; path = DDHidLib/DDHidKeyboardBarcodeScanner.m; sourceTree = "<group>"; };
		03CBAEC11D840BDB0061C987 /* DDHidLib.h */ = {isa = PBXFileReference; fileEncoding = 4; lastKnownFileType = sourcecode.c.h; name = DDHidLib.h; path = DDHidLib/DDHidLib.h; sourceTree = "<group>"; };
		03CBAEC21D840BDB0061C987 /* DDHidMouse.h */ = {isa = PBXFileReference; fileEncoding = 4; lastKnownFileType = sourcecode.c.h; name = DDHidMouse.h; path = DDHidLib/DDHidMouse.h; sourceTree = "<group>"; };
		03CBAEC31D840BDB0061C987 /* DDHidMouse.m */ = {isa = PBXFileReference; fileEncoding = 4; lastKnownFileType = sourcecode.c.objc; name = DDHidMouse.m; path = DDHidLib/DDHidMouse.m; sourceTree = "<group>"; };
		03CBAEC41D840BDB0061C987 /* DDHidQueue.h */ = {isa = PBXFileReference; fileEncoding = 4; lastKnownFileType = sourcecode.c.h; name = DDHidQueue.h; path = DDHidLib/DDHidQueue.h; sourceTree = "<group>"; };
		03CBAEC51D840BDB0061C987 /* DDHidQueue.m */ = {isa = PBXFileReference; fileEncoding = 4; lastKnownFileType = sourcecode.c.objc; name = DDHidQueue.m; path = DDHidLib/DDHidQueue.m; sourceTree = "<group>"; };
		03CBAEC61D840BDB0061C987 /* DDHidUsage.h */ = {isa = PBXFileReference; fileEncoding = 4; lastKnownFileType = sourcecode.c.h; name = DDHidUsage.h; path = DDHidLib/DDHidUsage.h; sourceTree = "<group>"; };
		03CBAEC71D840BDB0061C987 /* DDHidUsage.m */ = {isa = PBXFileReference; fileEncoding = 4; lastKnownFileType = sourcecode.c.objc; name = DDHidUsage.m; path = DDHidLib/DDHidUsage.m; sourceTree = "<group>"; };
		03CBAEC81D840BDB0061C987 /* DDHidUsageTables.h */ = {isa = PBXFileReference; fileEncoding = 4; lastKnownFileType = sourcecode.c.h; name = DDHidUsageTables.h; path = DDHidLib/DDHidUsageTables.h; sourceTree = "<group>"; };
		03CBAEC91D840BDB0061C987 /* DDHidUsageTables.m */ = {isa = PBXFileReference; fileEncoding = 4; lastKnownFileType = sourcecode.c.objc; name = DDHidUsageTables.m; path = DDHidLib/DDHidUsageTables.m; sourceTree = "<group>"; };
		03CBAECA1D840BDB0061C987 /* NSDictionary+DDHidExtras.h */ = {isa = PBXFileReference; fileEncoding = 4; lastKnownFileType = sourcecode.c.h; name = "NSDictionary+DDHidExtras.h"; path = "DDHidLib/NSDictionary+DDHidExtras.h"; sourceTree = "<group>"; };
		03CBAECB1D840BDB0061C987 /* NSDictionary+DDHidExtras.m */ = {isa = PBXFileReference; fileEncoding = 4; lastKnownFileType = sourcecode.c.objc; name = "NSDictionary+DDHidExtras.m"; path = "DDHidLib/NSDictionary+DDHidExtras.m"; sourceTree = "<group>"; };
		03CBAED91D840C3D0061C987 /* MediaKey.m */ = {isa = PBXFileReference; fileEncoding = 4; lastKnownFileType = sourcecode.c.objc; path = MediaKey.m; sourceTree = "<group>"; };
		03CBAEDA1D840C3D0061C987 /* MediaKey.h */ = {isa = PBXFileReference; fileEncoding = 4; lastKnownFileType = sourcecode.c.h; path = MediaKey.h; sourceTree = "<group>"; };
		03CBAEEF1D840F8C0061C987 /* NSXReturnThrowError.h */ = {isa = PBXFileReference; fileEncoding = 4; lastKnownFileType = sourcecode.c.h; name = NSXReturnThrowError.h; path = DDHidLib/NSXReturnThrowError.h; sourceTree = "<group>"; };
		03CBAEF01D840F8C0061C987 /* NSXReturnThrowError.m */ = {isa = PBXFileReference; fileEncoding = 4; lastKnownFileType = sourcecode.c.objc; name = NSXReturnThrowError.m; path = DDHidLib/NSXReturnThrowError.m; sourceTree = "<group>"; };
/* End PBXFileReference section */

/* Begin PBXFrameworksBuildPhase section */
		03CBAE991D84007B0061C987 /* Frameworks */ = {
			isa = PBXFrameworksBuildPhase;
			buildActionMask = 2147483647;
			files = (
			);
			runOnlyForDeploymentPostprocessing = 0;
		};
/* End PBXFrameworksBuildPhase section */

/* Begin PBXGroup section */
		03CBAE931D84007B0061C987 = {
			isa = PBXGroup;
			children = (
				03CBAEB01D840BBD0061C987 /* DDHidLib */,
				03CBAE9E1D84007B0061C987 /* mac_ear_control */,
				03CBAE9D1D84007B0061C987 /* Products */,
			);
			sourceTree = "<group>";
		};
		03CBAE9D1D84007B0061C987 /* Products */ = {
			isa = PBXGroup;
			children = (
				03CBAE9C1D84007B0061C987 /* mac_ear_control.app */,
			);
			name = Products;
			sourceTree = "<group>";
		};
		03CBAE9E1D84007B0061C987 /* mac_ear_control */ = {
			isa = PBXGroup;
			children = (
				03CBAED91D840C3D0061C987 /* MediaKey.m */,
				03CBAEDA1D840C3D0061C987 /* MediaKey.h */,
				03CBAE9F1D84007B0061C987 /* AppDelegate.h */,
				03CBAEA01D84007B0061C987 /* AppDelegate.m */,
				03CBAEA51D84007B0061C987 /* Assets.xcassets */,
				03CBAEA71D84007B0061C987 /* MainMenu.xib */,
				03CBAEAA1D84007B0061C987 /* Info.plist */,
				03CBAEA21D84007B0061C987 /* Supporting Files */,
			);
			path = mac_ear_control;
			sourceTree = "<group>";
		};
		03CBAEA21D84007B0061C987 /* Supporting Files */ = {
			isa = PBXGroup;
			children = (
				03CBAEA31D84007B0061C987 /* main.m */,
			);
			name = "Supporting Files";
			sourceTree = "<group>";
		};
		03CBAEB01D840BBD0061C987 /* DDHidLib */ = {
			isa = PBXGroup;
			children = (
				03CBAEEF1D840F8C0061C987 /* NSXReturnThrowError.h */,
				03CBAEF01D840F8C0061C987 /* NSXReturnThrowError.m */,
				03CBAEB11D840BDB0061C987 /* DDHidAppleMikey.h */,
				03CBAEB21D840BDB0061C987 /* DDHidAppleMikey.m */,
				03CBAEB31D840BDB0061C987 /* DDHidAppleRemote.h */,
				03CBAEB41D840BDB0061C987 /* DDHidAppleRemote.m */,
				03CBAEB51D840BDB0061C987 /* DDHidDevice.h */,
				03CBAEB61D840BDB0061C987 /* DDHidDevice.m */,
				03CBAEB71D840BDB0061C987 /* DDHidElement.h */,
				03CBAEB81D840BDB0061C987 /* DDHidElement.m */,
				03CBAEB91D840BDB0061C987 /* DDHidEvent.h */,
				03CBAEBA1D840BDB0061C987 /* DDHidEvent.m */,
				03CBAEBB1D840BDB0061C987 /* DDHidJoystick.h */,
				03CBAEBC1D840BDB0061C987 /* DDHidJoystick.m */,
				03CBAEBD1D840BDB0061C987 /* DDHidKeyboard.h */,
				03CBAEBE1D840BDB0061C987 /* DDHidKeyboard.m */,
				03CBAEBF1D840BDB0061C987 /* DDHidKeyboardBarcodeScanner.h */,
				03CBAEC01D840BDB0061C987 /* DDHidKeyboardBarcodeScanner.m */,
				03CBAEC11D840BDB0061C987 /* DDHidLib.h */,
				03CBAEC21D840BDB0061C987 /* DDHidMouse.h */,
				03CBAEC31D840BDB0061C987 /* DDHidMouse.m */,
				03CBAEC41D840BDB0061C987 /* DDHidQueue.h */,
				03CBAEC51D840BDB0061C987 /* DDHidQueue.m */,
				03CBAEC61D840BDB0061C987 /* DDHidUsage.h */,
				03CBAEC71D840BDB0061C987 /* DDHidUsage.m */,
				03CBAEC81D840BDB0061C987 /* DDHidUsageTables.h */,
				03CBAEC91D840BDB0061C987 /* DDHidUsageTables.m */,
				03CBAECA1D840BDB0061C987 /* NSDictionary+DDHidExtras.h */,
				03CBAECB1D840BDB0061C987 /* NSDictionary+DDHidExtras.m */,
			);
			name = DDHidLib;
			sourceTree = "<group>";
		};
/* End PBXGroup section */

/* Begin PBXNativeTarget section */
		03CBAE9B1D84007B0061C987 /* mac_ear_control */ = {
			isa = PBXNativeTarget;
			buildConfigurationList = 03CBAEAD1D84007B0061C987 /* Build configuration list for PBXNativeTarget "mac_ear_control" */;
			buildPhases = (
				03CBAE981D84007B0061C987 /* Sources */,
				03CBAE991D84007B0061C987 /* Frameworks */,
				03CBAE9A1D84007B0061C987 /* Resources */,
			);
			buildRules = (
			);
			dependencies = (
			);
			name = mac_ear_control;
			productName = mac_ear_control;
			productReference = 03CBAE9C1D84007B0061C987 /* mac_ear_control.app */;
			productType = "com.apple.product-type.application";
		};
/* End PBXNativeTarget section */

/* Begin PBXProject section */
		03CBAE941D84007B0061C987 /* Project object */ = {
			isa = PBXProject;
			attributes = {
				LastUpgradeCheck = 0730;
				ORGANIZATIONNAME = "Huang Peihao";
				TargetAttributes = {
					03CBAE9B1D84007B0061C987 = {
						CreatedOnToolsVersion = 7.3.1;
					};
				};
			};
			buildConfigurationList = 03CBAE971D84007B0061C987 /* Build configuration list for PBXProject "mac_ear_control" */;
			compatibilityVersion = "Xcode 3.2";
			developmentRegion = English;
			hasScannedForEncodings = 0;
			knownRegions = (
				en,
				Base,
			);
			mainGroup = 03CBAE931D84007B0061C987;
			productRefGroup = 03CBAE9D1D84007B0061C987 /* Products */;
			projectDirPath = "";
			projectRoot = "";
			targets = (
				03CBAE9B1D84007B0061C987 /* mac_ear_control */,
			);
		};
/* End PBXProject section */

/* Begin PBXResourcesBuildPhase section */
		03CBAE9A1D84007B0061C987 /* Resources */ = {
			isa = PBXResourcesBuildPhase;
			buildActionMask = 2147483647;
			files = (
				03CBAEA61D84007B0061C987 /* Assets.xcassets in Resources */,
				03CBAEA91D84007B0061C987 /* MainMenu.xib in Resources */,
			);
			runOnlyForDeploymentPostprocessing = 0;
		};
/* End PBXResourcesBuildPhase section */

/* Begin PBXSourcesBuildPhase section */
		03CBAE981D84007B0061C987 /* Sources */ = {
			isa = PBXSourcesBuildPhase;
			buildActionMask = 2147483647;
			files = (
				03CBAED41D840BDB0061C987 /* DDHidMouse.m in Sources */,
				03CBAED51D840BDB0061C987 /* DDHidQueue.m in Sources */,
				03CBAECD1D840BDB0061C987 /* DDHidAppleRemote.m in Sources */,
				03CBAEA41D84007B0061C987 /* main.m in Sources */,
				03CBAED81D840BDB0061C987 /* NSDictionary+DDHidExtras.m in Sources */,
				03CBAED31D840BDB0061C987 /* DDHidKeyboardBarcodeScanner.m in Sources */,
				03CBAECF1D840BDB0061C987 /* DDHidElement.m in Sources */,
				03CBAED01D840BDB0061C987 /* DDHidEvent.m in Sources */,
				03CBAED61D840BDB0061C987 /* DDHidUsage.m in Sources */,
				03CBAEF21D840F8C0061C987 /* NSXReturnThrowError.m in Sources */,
				03CBAECE1D840BDB0061C987 /* DDHidDevice.m in Sources */,
				03CBAEA11D84007B0061C987 /* AppDelegate.m in Sources */,
				03CBAED71D840BDB0061C987 /* DDHidUsageTables.m in Sources */,
				03CBAECC1D840BDB0061C987 /* DDHidAppleMikey.m in Sources */,
				03CBAED21D840BDB0061C987 /* DDHidKeyboard.m in Sources */,
				03CBAEDB1D840C3D0061C987 /* MediaKey.m in Sources */,
				03CBAED11D840BDB0061C987 /* DDHidJoystick.m in Sources */,
			);
			runOnlyForDeploymentPostprocessing = 0;
		};
/* End PBXSourcesBuildPhase section */

/* Begin PBXVariantGroup section */
		03CBAEA71D84007B0061C987 /* MainMenu.xib */ = {
			isa = PBXVariantGroup;
			children = (
				03CBAEA81D84007B0061C987 /* Base */,
			);
			name = MainMenu.xib;
			sourceTree = "<group>";
		};
/* End PBXVariantGroup section */

/* Begin XCBuildConfiguration section */
		03CBAEAB1D84007B0061C987 /* Debug */ = {
			isa = XCBuildConfiguration;
			buildSettings = {
				ALWAYS_SEARCH_USER_PATHS = NO;
				CLANG_ANALYZER_NONNULL = YES;
				CLANG_CXX_LANGUAGE_STANDARD = "gnu++0x";
				CLANG_CXX_LIBRARY = "libc++";
				CLANG_ENABLE_MODULES = YES;
				CLANG_ENABLE_OBJC_ARC = YES;
				CLANG_WARN_BOOL_CONVERSION = YES;
				CLANG_WARN_CONSTANT_CONVERSION = YES;
				CLANG_WARN_DIRECT_OBJC_ISA_USAGE = YES_ERROR;
				CLANG_WARN_EMPTY_BODY = YES;
				CLANG_WARN_ENUM_CONVERSION = YES;
				CLANG_WARN_INT_CONVERSION = YES;
				CLANG_WARN_OBJC_ROOT_CLASS = YES_ERROR;
				CLANG_WARN_UNREACHABLE_CODE = YES;
				CLANG_WARN__DUPLICATE_METHOD_MATCH = YES;
				CODE_SIGN_IDENTITY = "-";
				COPY_PHASE_STRIP = NO;
				DEBUG_INFORMATION_FORMAT = dwarf;
				ENABLE_STRICT_OBJC_MSGSEND = YES;
				ENABLE_TESTABILITY = YES;
				GCC_C_LANGUAGE_STANDARD = gnu99;
				GCC_DYNAMIC_NO_PIC = NO;
				GCC_NO_COMMON_BLOCKS = YES;
				GCC_OPTIMIZATION_LEVEL = 0;
				GCC_PREPROCESSOR_DEFINITIONS = (
					"DEBUG=1",
					"$(inherited)",
				);
				GCC_WARN_64_TO_32_BIT_CONVERSION = YES;
				GCC_WARN_ABOUT_RETURN_TYPE = YES_ERROR;
				GCC_WARN_UNDECLARED_SELECTOR = YES;
				GCC_WARN_UNINITIALIZED_AUTOS = YES_AGGRESSIVE;
				GCC_WARN_UNUSED_FUNCTION = YES;
				GCC_WARN_UNUSED_VARIABLE = YES;
				MACOSX_DEPLOYMENT_TARGET = 10.11;
				MTL_ENABLE_DEBUG_INFO = YES;
				ONLY_ACTIVE_ARCH = YES;
				SDKROOT = macosx;
			};
			name = Debug;
		};
		03CBAEAC1D84007B0061C987 /* Release */ = {
			isa = XCBuildConfiguration;
			buildSettings = {
				ALWAYS_SEARCH_USER_PATHS = NO;
				CLANG_ANALYZER_NONNULL = YES;
				CLANG_CXX_LANGUAGE_STANDARD = "gnu++0x";
				CLANG_CXX_LIBRARY = "libc++";
				CLANG_ENABLE_MODULES = YES;
				CLANG_ENABLE_OBJC_ARC = YES;
				CLANG_WARN_BOOL_CONVERSION = YES;
				CLANG_WARN_CONSTANT_CONVERSION = YES;
				CLANG_WARN_DIRECT_OBJC_ISA_USAGE = YES_ERROR;
				CLANG_WARN_EMPTY_BODY = YES;
				CLANG_WARN_ENUM_CONVERSION = YES;
				CLANG_WARN_INT_CONVERSION = YES;
				CLANG_WARN_OBJC_ROOT_CLASS = YES_ERROR;
				CLANG_WARN_UNREACHABLE_CODE = YES;
				CLANG_WARN__DUPLICATE_METHOD_MATCH = YES;
				CODE_SIGN_IDENTITY = "-";
				COPY_PHASE_STRIP = NO;
				DEBUG_INFORMATION_FORMAT = "dwarf-with-dsym";
				ENABLE_NS_ASSERTIONS = NO;
				ENABLE_STRICT_OBJC_MSGSEND = YES;
				GCC_C_LANGUAGE_STANDARD = gnu99;
				GCC_NO_COMMON_BLOCKS = YES;
				GCC_WARN_64_TO_32_BIT_CONVERSION = YES;
				GCC_WARN_ABOUT_RETURN_TYPE = YES_ERROR;
				GCC_WARN_UNDECLARED_SELECTOR = YES;
				GCC_WARN_UNINITIALIZED_AUTOS = YES_AGGRESSIVE;
				GCC_WARN_UNUSED_FUNCTION = YES;
				GCC_WARN_UNUSED_VARIABLE = YES;
				MACOSX_DEPLOYMENT_TARGET = 10.11;
				MTL_ENABLE_DEBUG_INFO = NO;
				SDKROOT = macosx;
			};
			name = Release;
		};
		03CBAEAE1D84007B0061C987 /* Debug */ = {
			isa = XCBuildConfiguration;
			buildSettings = {
				ASSETCATALOG_COMPILER_APPICON_NAME = AppIcon;
				COMBINE_HIDPI_IMAGES = YES;
				GCC_PRECOMPILE_PREFIX_HEADER = YES;
				GCC_PREFIX_HEADER = "$(SYSTEM_LIBRARY_DIR)/Frameworks/AppKit.framework/Headers/AppKit.h";
				INFOPLIST_FILE = mac_ear_control/Info.plist;
				LD_RUNPATH_SEARCH_PATHS = "$(inherited) @executable_path/../Frameworks";
				PRODUCT_BUNDLE_IDENTIFIER = "com.philhuang.mac-ear-control";
				PRODUCT_NAME = "$(TARGET_NAME)";
			};
			name = Debug;
		};
		03CBAEAF1D84007B0061C987 /* Release */ = {
			isa = XCBuildConfiguration;
			buildSettings = {
				ASSETCATALOG_COMPILER_APPICON_NAME = AppIcon;
				COMBINE_HIDPI_IMAGES = YES;
				GCC_PRECOMPILE_PREFIX_HEADER = YES;
				GCC_PREFIX_HEADER = "$(SYSTEM_LIBRARY_DIR)/Frameworks/AppKit.framework/Headers/AppKit.h";
				INFOPLIST_FILE = mac_ear_control/Info.plist;
				LD_RUNPATH_SEARCH_PATHS = "$(inherited) @executable_path/../Frameworks";
				PRODUCT_BUNDLE_IDENTIFIER = "com.philhuang.mac-ear-control";
				PRODUCT_NAME = "$(TARGET_NAME)";
			};
			name = Release;
		};
/* End XCBuildConfiguration section */

/* Begin XCConfigurationList section */
		03CBAE971D84007B0061C987 /* Build configuration list for PBXProject "mac_ear_control" */ = {
			isa = XCConfigurationList;
			buildConfigurations = (
				03CBAEAB1D84007B0061C987 /* Debug */,
				03CBAEAC1D84007B0061C987 /* Release */,
			);
			defaultConfigurationIsVisible = 0;
			defaultConfigurationName = Release;
		};
		03CBAEAD1D84007B0061C987 /* Build configuration list for PBXNativeTarget "mac_ear_control" */ = {
			isa = XCConfigurationList;
			buildConfigurations = (
				03CBAEAE1D84007B0061C987 /* Debug */,
				03CBAEAF1D84007B0061C987 /* Release */,
			);
			defaultConfigurationIsVisible = 0;
		};
/* End XCConfigurationList section */
	};
	rootObject = 03CBAE941D84007B0061C987 /* Project object */;
}
