// !$*UTF8*$!
{
	archiveVersion = 1;
	classes = {
	};
	objectVersion = 46;
	objects = {

/* Begin PBXBuildFile section */
		03CBAEA11D84007B0061C987 /* AppDelegate.m in Sources */ = {isa = PBXBuildFile; fileRef = 03CBAEA01D84007B0061C987 /* AppDelegate.m */; };
		03CBAEA41D84007B0061C987 /* main.m in Sources */ = {isa = PBXBuildFile; fileRef = 03CBAEA31D84007B0061C987 /* main.m */; };
		03CBAEA61D84007B0061C987 /* Assets.xcassets in Resources */ = {isa = PBXBuildFile; fileRef = 03CBAEA51D84007B0061C987 /* Assets.xcassets */; };
		03CBAEA91D84007B0061C987 /* MainMenu.xib in Resources */ = {isa = PBXBuildFile; fileRef = 03CBAEA71D84007B0061C987 /* MainMenu.xib */; };
/* End PBXBuildFile section */

/* Begin PBXFileReference section */
		03CBAE9C1D84007B0061C987 /* mac_ear_control.app */ = {isa = PBXFileReference; explicitFileType = wrapper.application; includeInIndex = 0; path = mac_ear_control.app; sourceTree = BUILT_PRODUCTS_DIR; };
		03CBAE9F1D84007B0061C987 /* AppDelegate.h */ = {isa = PBXFileReference; lastKnownFileType = sourcecode.c.h; path = AppDelegate.h; sourceTree = "<group>"; };
		03CBAEA01D84007B0061C987 /* AppDelegate.m */ = {isa = PBXFileReference; lastKnownFileType = sourcecode.c.objc; path = AppDelegate.m; sourceTree = "<group>"; };
		03CBAEA31D84007B0061C987 /* main.m */ = {isa = PBXFileReference; lastKnownFileType = sourcecode.c.objc; path = main.m; sourceTree = "<group>"; };
		03CBAEA51D84007B0061C987 /* Assets.xcassets */ = {isa = PBXFileReference; lastKnownFileType = folder.assetcatalog; path = Assets.xcassets; sourceTree = "<group>"; };
		03CBAEA81D84007B0061C987 /* Base */ = {isa = PBXFileReference; lastKnownFileType = file.xib; name = Base; path = Base.lproj/MainMenu.xib; sourceTree = "<group>"; };
		03CBAEAA1D84007B0061C987 /* Info.plist */ = {isa = PBXFileReference; lastKnownFileType = text.plist.xml; path = Info.plist; sourceTree = "<group>"; };
/* End PBXFileReference section */

/* Begin PBXFrameworksBuildPhase section */
		03CBAE991D84007B0061C987 /* Frameworks */ = {
			isa = PBXFrameworksBuildPhase;
			buildActionMask = 2147483647;
			files = (
			);
			runOnlyForDeploymentPostprocessing = 0;
		};
/* End PBXFrameworksBuildPhase section */

/* Begin PBXGroup section */
		03CBAE931D84007B0061C987 = {
			isa = PBXGroup;
			children = (
				03CBAE9E1D84007B0061C987 /* mac_ear_control */,
				03CBAE9D1D84007B0061C987 /* Products */,
			);
			sourceTree = "<group>";
		};
		03CBAE9D1D84007B0061C987 /* Products */ = {
			isa = PBXGroup;
			children = (
				03CBAE9C1D84007B0061C987 /* mac_ear_control.app */,
			);
			name = Products;
			sourceTree = "<group>";
		};
		03CBAE9E1D84007B0061C987 /* mac_ear_control */ = {
			isa = PBXGroup;
			children = (
				03CBAE9F1D84007B0061C987 /* AppDelegate.h */,
				03CBAEA01D84007B0061C987 /* AppDelegate.m */,
				03CBAEA51D84007B0061C987 /* Assets.xcassets */,
				03CBAEA71D84007B0061C987 /* MainMenu.xib */,
				03CBAEAA1D84007B0061C987 /* Info.plist */,
				03CBAEA21D84007B0061C987 /* Supporting Files */,
			);
			path = mac_ear_control;
			sourceTree = "<group>";
		};
		03CBAEA21D84007B0061C987 /* Supporting Files */ = {
			isa = PBXGroup;
			children = (
				03CBAEA31D84007B0061C987 /* main.m */,
			);
			name = "Supporting Files";
			sourceTree = "<group>";
		};
/* End PBXGroup section */

/* Begin PBXNativeTarget section */
		03CBAE9B1D84007B0061C987 /* mac_ear_control */ = {
			isa = PBXNativeTarget;
			buildConfigurationList = 03CBAEAD1D84007B0061C987 /* Build configuration list for PBXNativeTarget "mac_ear_control" */;
			buildPhases = (
				03CBAE981D84007B0061C987 /* Sources */,
				03CBAE991D84007B0061C987 /* Frameworks */,
				03CBAE9A1D84007B0061C987 /* Resources */,
			);
			buildRules = (
			);
			dependencies = (
			);
			name = mac_ear_control;
			productName = mac_ear_control;
			productReference = 03CBAE9C1D84007B0061C987 /* mac_ear_control.app */;
			productType = "com.apple.product-type.application";
		};
/* End PBXNativeTarget section */

/* Begin PBXProject section */
		03CBAE941D84007B0061C987 /* Project object */ = {
			isa = PBXProject;
			attributes = {
				LastUpgradeCheck = 0730;
				ORGANIZATIONNAME = "Huang Peihao";
				TargetAttributes = {
					03CBAE9B1D84007B0061C987 = {
						CreatedOnToolsVersion = 7.3.1;
					};
				};
			};
			buildConfigurationList = 03CBAE971D84007B0061C987 /* Build configuration list for PBXProject "mac_ear_control" */;
			compatibilityVersion = "Xcode 3.2";
			developmentRegion = English;
			hasScannedForEncodings = 0;
			knownRegions = (
				en,
				Base,
			);
			mainGroup = 03CBAE931D84007B0061C987;
			productRefGroup = 03CBAE9D1D84007B0061C987 /* Products */;
			projectDirPath = "";
			projectRoot = "";
			targets = (
				03CBAE9B1D84007B0061C987 /* mac_ear_control */,
			);
		};
/* End PBXProject section */

/* Begin PBXResourcesBuildPhase section */
		03CBAE9A1D84007B0061C987 /* Resources */ = {
			isa = PBXResourcesBuildPhase;
			buildActionMask = 2147483647;
			files = (
				03CBAEA61D84007B0061C987 /* Assets.xcassets in Resources */,
				03CBAEA91D84007B0061C987 /* MainMenu.xib in Resources */,
			);
			runOnlyForDeploymentPostprocessing = 0;
		};
/* End PBXResourcesBuildPhase section */

/* Begin PBXSourcesBuildPhase section */
		03CBAE981D84007B0061C987 /* Sources */ = {
			isa = PBXSourcesBuildPhase;
			buildActionMask = 2147483647;
			files = (
				03CBAEA41D84007B0061C987 /* main.m in Sources */,
				03CBAEA11D84007B0061C987 /* AppDelegate.m in Sources */,
			);
			runOnlyForDeploymentPostprocessing = 0;
		};
/* End PBXSourcesBuildPhase section */

/* Begin PBXVariantGroup section */
		03CBAEA71D84007B0061C987 /* MainMenu.xib */ = {
			isa = PBXVariantGroup;
			children = (
				03CBAEA81D84007B0061C987 /* Base */,
			);
			name = MainMenu.xib;
			sourceTree = "<group>";
		};
/* End PBXVariantGroup section */

/* Begin XCBuildConfiguration section */
		03CBAEAB1D84007B0061C987 /* Debug */ = {
			isa = XCBuildConfiguration;
			buildSettings = {
				ALWAYS_SEARCH_USER_PATHS = NO;
				CLANG_ANALYZER_NONNULL = YES;
				CLANG_CXX_LANGUAGE_STANDARD = "gnu++0x";
				CLANG_CXX_LIBRARY = "libc++";
				CLANG_ENABLE_MODULES = YES;
				CLANG_ENABLE_OBJC_ARC = YES;
				CLANG_WARN_BOOL_CONVERSION = YES;
				CLANG_WARN_CONSTANT_CONVERSION = YES;
				CLANG_WARN_DIRECT_OBJC_ISA_USAGE = YES_ERROR;
				CLANG_WARN_EMPTY_BODY = YES;
				CLANG_WARN_ENUM_CONVERSION = YES;
				CLANG_WARN_INT_CONVERSION = YES;
				CLANG_WARN_OBJC_ROOT_CLASS = YES_ERROR;
				CLANG_WARN_UNREACHABLE_CODE = YES;
				CLANG_WARN__DUPLICATE_METHOD_MATCH = YES;
				CODE_SIGN_IDENTITY = "-";
				COPY_PHASE_STRIP = NO;
				DEBUG_INFORMATION_FORMAT = dwarf;
				ENABLE_STRICT_OBJC_MSGSEND = YES;
				ENABLE_TESTABILITY = YES;
				GCC_C_LANGUAGE_STANDARD = gnu99;
				GCC_DYNAMIC_NO_PIC = NO;
				GCC_NO_COMMON_BLOCKS = YES;
				GCC_OPTIMIZATION_LEVEL = 0;
				GCC_PREPROCESSOR_DEFINITIONS = (
					"DEBUG=1",
					"$(inherited)",
				);
				GCC_WARN_64_TO_32_BIT_CONVERSION = YES;
				GCC_WARN_ABOUT_RETURN_TYPE = YES_ERROR;
				GCC_WARN_UNDECLARED_SELECTOR = YES;
				GCC_WARN_UNINITIALIZED_AUTOS = YES_AGGRESSIVE;
				GCC_WARN_UNUSED_FUNCTION = YES;
				GCC_WARN_UNUSED_VARIABLE = YES;
				MACOSX_DEPLOYMENT_TARGET = 10.11;
				MTL_ENABLE_DEBUG_INFO = YES;
				ONLY_ACTIVE_ARCH = YES;
				SDKROOT = macosx;
			};
			name = Debug;
		};
		03CBAEAC1D84007B0061C987 /* Release */ = {
			isa = XCBuildConfiguration;
			buildSettings = {
				ALWAYS_SEARCH_USER_PATHS = NO;
				CLANG_ANALYZER_NONNULL = YES;
				CLANG_CXX_LANGUAGE_STANDARD = "gnu++0x";
				CLANG_CXX_LIBRARY = "libc++";
				CLANG_ENABLE_MODULES = YES;
				CLANG_ENABLE_OBJC_ARC = YES;
				CLANG_WARN_BOOL_CONVERSION = YES;
				CLANG_WARN_CONSTANT_CONVERSION = YES;
				CLANG_WARN_DIRECT_OBJC_ISA_USAGE = YES_ERROR;
				CLANG_WARN_EMPTY_BODY = YES;
				CLANG_WARN_ENUM_CONVERSION = YES;
				CLANG_WARN_INT_CONVERSION = YES;
				CLANG_WARN_OBJC_ROOT_CLASS = YES_ERROR;
				CLANG_WARN_UNREACHABLE_CODE = YES;
				CLANG_WARN__DUPLICATE_METHOD_MATCH = YES;
				CODE_SIGN_IDENTITY = "-";
				COPY_PHASE_STRIP = NO;
				DEBUG_INFORMATION_FORMAT = "dwarf-with-dsym";
				ENABLE_NS_ASSERTIONS = NO;
				ENABLE_STRICT_OBJC_MSGSEND = YES;
				GCC_C_LANGUAGE_STANDARD = gnu99;
				GCC_NO_COMMON_BLOCKS = YES;
				GCC_WARN_64_TO_32_BIT_CONVERSION = YES;
				GCC_WARN_ABOUT_RETURN_TYPE = YES_ERROR;
				GCC_WARN_UNDECLARED_SELECTOR = YES;
				GCC_WARN_UNINITIALIZED_AUTOS = YES_AGGRESSIVE;
				GCC_WARN_UNUSED_FUNCTION = YES;
				GCC_WARN_UNUSED_VARIABLE = YES;
				MACOSX_DEPLOYMENT_TARGET = 10.11;
				MTL_ENABLE_DEBUG_INFO = NO;
				SDKROOT = macosx;
			};
			name = Release;
		};
		03CBAEAE1D84007B0061C987 /* Debug */ = {
			isa = XCBuildConfiguration;
			buildSettings = {
				ASSETCATALOG_COMPILER_APPICON_NAME = AppIcon;
				COMBINE_HIDPI_IMAGES = YES;
				INFOPLIST_FILE = mac_ear_control/Info.plist;
				LD_RUNPATH_SEARCH_PATHS = "$(inherited) @executable_path/../Frameworks";
				PRODUCT_BUNDLE_IDENTIFIER = "com.philhuang.mac-ear-control";
				PRODUCT_NAME = "$(TARGET_NAME)";
			};
			name = Debug;
		};
		03CBAEAF1D84007B0061C987 /* Release */ = {
			isa = XCBuildConfiguration;
			buildSettings = {
				ASSETCATALOG_COMPILER_APPICON_NAME = AppIcon;
				COMBINE_HIDPI_IMAGES = YES;
				INFOPLIST_FILE = mac_ear_control/Info.plist;
				LD_RUNPATH_SEARCH_PATHS = "$(inherited) @executable_path/../Frameworks";
				PRODUCT_BUNDLE_IDENTIFIER = "com.philhuang.mac-ear-control";
				PRODUCT_NAME = "$(TARGET_NAME)";
			};
			name = Release;
		};
/* End XCBuildConfiguration section */

/* Begin XCConfigurationList section */
		03CBAE971D84007B0061C987 /* Build configuration list for PBXProject "mac_ear_control" */ = {
			isa = XCConfigurationList;
			buildConfigurations = (
				03CBAEAB1D84007B0061C987 /* Debug */,
				03CBAEAC1D84007B0061C987 /* Release */,
			);
			defaultConfigurationIsVisible = 0;
			defaultConfigurationName = Release;
		};
		03CBAEAD1D84007B0061C987 /* Build configuration list for PBXNativeTarget "mac_ear_control" */ = {
			isa = XCConfigurationList;
			buildConfigurations = (
				03CBAEAE1D84007B0061C987 /* Debug */,
				03CBAEAF1D84007B0061C987 /* Release */,
			);
			defaultConfigurationIsVisible = 0;
		};
/* End XCConfigurationList section */
	};
	rootObject = 03CBAE941D84007B0061C987 /* Project object */;
}
